
Microsoft Visual Studio Solution File, Format Version 12.00
# Visual Studio Version 17
VisualStudioVersion = 17.0.32112.339
MinimumVisualStudioVersion = 10.0.40219.1
Project("{FAE04EC0-301F-11D3-BF4B-00C04F79EFBC}") = "black_quad", "black_quad\black_quad.csproj", "{A47B4387-80FE-4F4A-8A14-AAF3BE36B52C}"
EndProject
Global
	GlobalSection(SolutionConfigurationPlatforms) = preSolution
		Debug|Any CPU = Debug|Any CPU
		Release|Any CPU = Release|Any CPU
	EndGlobalSection
	GlobalSection(ProjectConfigurationPlatforms) = postSolution
		{A47B4387-80FE-4F4A-8A14-AAF3BE36B52C}.Debug|Any CPU.ActiveCfg = Debug|Any CPU
		{A47B4387-80FE-4F4A-8A14-AAF3BE36B52C}.Debug|Any CPU.Build.0 = Debug|Any CPU
		{A47B4387-80FE-4F4A-8A14-AAF3BE36B52C}.Release|Any CPU.ActiveCfg = Release|Any CPU
		{A47B4387-80FE-4F4A-8A14-AAF3BE36B52C}.Release|Any CPU.Build.0 = Release|Any CPU
	EndGlobalSection
	GlobalSection(SolutionProperties) = preSolution
		HideSolutionNode = FALSE
	EndGlobalSection
	GlobalSection(ExtensibilityGlobals) = postSolution
		SolutionGuid = {A3E46A3A-2A38-4BE9-8CAE-C6F632DF7B9C}
	EndGlobalSection
EndGlobal
