
Microsoft Visual Studio Solution File, Format Version 12.00
# Visual Studio Version 17
VisualStudioVersion = 17.0.32112.339
MinimumVisualStudioVersion = 10.0.40219.1
Project("{FAE04EC0-301F-11D3-BF4B-00C04F79EFBC}") = "ContactApplication", "ContactApplication\ContactApplication.csproj", "{3CFD39DA-26E2-41F6-AE85-404D7D0ED865}"
EndProject
Global
	GlobalSection(SolutionConfigurationPlatforms) = preSolution
		Debug|Any CPU = Debug|Any CPU
		Release|Any CPU = Release|Any CPU
	EndGlobalSection
	GlobalSection(ProjectConfigurationPlatforms) = postSolution
		{3CFD39DA-26E2-41F6-AE85-404D7D0ED865}.Debug|Any CPU.ActiveCfg = Debug|Any CPU
		{3CFD39DA-26E2-41F6-AE85-404D7D0ED865}.Debug|Any CPU.Build.0 = Debug|Any CPU
		{3CFD39DA-26E2-41F6-AE85-404D7D0ED865}.Release|Any CPU.ActiveCfg = Release|Any CPU
		{3CFD39DA-26E2-41F6-AE85-404D7D0ED865}.Release|Any CPU.Build.0 = Release|Any CPU
	EndGlobalSection
	GlobalSection(SolutionProperties) = preSolution
		HideSolutionNode = FALSE
	EndGlobalSection
	GlobalSection(ExtensibilityGlobals) = postSolution
		SolutionGuid = {8F00E960-1EB2-461D-8403-3836145C71A9}
	EndGlobalSection
EndGlobal
